# This file is automatically @generated by Cargo.
# It is not intended for manual editing.
version = 4

[[package]]
name = "libc"
version = "0.2.175"
source = "registry+https://github.com/rust-lang/crates.io-index"
checksum = "6a82ae493e598baaea5209805c49bbf2ea7de956d50d7da0da1164f9c6d28543"

[[package]]
name = "redb"
version = "4.1.0"
source = "registry+https://github.com/rust-lang/crates.io-index"
checksum = "8e925444704b5f17d32bf42f5b6e2df050bceebc3dcd6e71cc73dafe8092e839"
dependencies = [
 "libc",
]

[[package]]
name = "redb_model_trait"
version = "0.10.0"
dependencies = [
 "redb",
]
