# This file is automatically @generated by Cargo.
# It is not intended for manual editing.
version = 4

[[package]]
name = "libc"
version = "0.2.175"
source = "registry+https://github.com/rust-lang/crates.io-index"
checksum = "6a82ae493e598baaea5209805c49bbf2ea7de956d50d7da0da1164f9c6d28543"

[[package]]
name = "redb"
version = "3.0.0"
source = "registry+https://github.com/rust-lang/crates.io-index"
checksum = "225e8bf881033e020ed87e9f10fc6254cf3ebab8d440e6fbb4c7b34bec2a0543"
dependencies = [
 "libc",
]

[[package]]
name = "redb_model_trait"
version = "0.9.0"
dependencies = [
 "redb",
]
