# This file is automatically @generated by Cargo.
# It is not intended for manual editing.
version = 3

[[package]]
name = "libc"
version = "0.2.155"
source = "registry+https://github.com/rust-lang/crates.io-index"
checksum = "97b3888a4aecf77e811145cadf6eef5901f4782c53886191b2f693f24761847c"

[[package]]
name = "redb"
version = "2.1.1"
source = "registry+https://github.com/rust-lang/crates.io-index"
checksum = "a6dd20d3cdeb9c7d2366a0b16b93b35b75aec15309fbeb7ce477138c9f68c8c0"
dependencies = [
 "libc",
]

[[package]]
name = "redb_model_trait"
version = "0.1.0"
dependencies = [
 "redb",
]
